// !$*UTF8*$!
{
	archiveVersion = 1;
	classes = {
	};
	objectVersion = 56;
	objects = {

/* Begin PBXBuildFile section */
		5C04AA442AC112B60007DA81 /* StandupsApp.swift in Sources */ = {isa = PBXBuildFile; fileRef = 5C04AA432AC112B60007DA81 /* StandupsApp.swift */; };
		5C04AA482AC112B70007DA81 /* Assets.xcassets in Resources */ = {isa = PBXBuildFile; fileRef = 5C04AA472AC112B70007DA81 /* Assets.xcassets */; };
		5C04AA4B2AC112B70007DA81 /* Preview Assets.xcassets in Resources */ = {isa = PBXBuildFile; fileRef = 5C04AA4A2AC112B70007DA81 /* Preview Assets.xcassets */; };
		5C04AA552AC112B70007DA81 /* StandupsTests.swift in Sources */ = {isa = PBXBuildFile; fileRef = 5C04AA542AC112B70007DA81 /* StandupsTests.swift */; };
		5C04AA6E2AC1138B0007DA81 /* StandupsListView.swift in Sources */ = {isa = PBXBuildFile; fileRef = 5C04AA6D2AC1138B0007DA81 /* StandupsListView.swift */; };
		5C04AA722AC115180007DA81 /* Standup.swift in Sources */ = {isa = PBXBuildFile; fileRef = 5C04AA712AC115180007DA81 /* Standup.swift */; };
		5C04AA752AC1157A0007DA81 /* Tagged in Frameworks */ = {isa = PBXBuildFile; productRef = 5C04AA742AC1157A0007DA81 /* Tagged */; };
		5C04AA772AC11BDE0007DA81 /* Attendee.swift in Sources */ = {isa = PBXBuildFile; fileRef = 5C04AA762AC11BDE0007DA81 /* Attendee.swift */; };
		5C04AA792AC11BEF0007DA81 /* Meeting.swift in Sources */ = {isa = PBXBuildFile; fileRef = 5C04AA782AC11BEF0007DA81 /* Meeting.swift */; };
		5C04AA7B2AC11C050007DA81 /* Theme.swift in Sources */ = {isa = PBXBuildFile; fileRef = 5C04AA7A2AC11C050007DA81 /* Theme.swift */; };
		5C04AA7F2AC1ACE00007DA81 /* StandupsListViewModel.swift in Sources */ = {isa = PBXBuildFile; fileRef = 5C04AA7E2AC1ACE00007DA81 /* StandupsListViewModel.swift */; };
		5C04AA822AC1B09C0007DA81 /* SwiftUINavigation in Frameworks */ = {isa = PBXBuildFile; productRef = 5C04AA812AC1B09C0007DA81 /* SwiftUINavigation */; };
		5C04AA842AC1B1F40007DA81 /* EditStandupView.swift in Sources */ = {isa = PBXBuildFile; fileRef = 5C04AA832AC1B1F40007DA81 /* EditStandupView.swift */; };
		5C2C39162AC2450900134E1C /* EditStandupViewModel.swift in Sources */ = {isa = PBXBuildFile; fileRef = 5C2C39152AC2450900134E1C /* EditStandupViewModel.swift */; };
		5C832B722AC4F75C00486EFC /* StandupDetailsView.swift in Sources */ = {isa = PBXBuildFile; fileRef = 5C832B712AC4F75C00486EFC /* StandupDetailsView.swift */; };
		5C832B742AC4F7E900486EFC /* StandupDetailsViewModel.swift in Sources */ = {isa = PBXBuildFile; fileRef = 5C832B732AC4F7E900486EFC /* StandupDetailsViewModel.swift */; };
		5C832B762AC5108000486EFC /* MeetingView.swift in Sources */ = {isa = PBXBuildFile; fileRef = 5C832B752AC5108000486EFC /* MeetingView.swift */; };
		5C9B3B9B2AC27B4B0034BA0B /* EditStandupViewModelTests.swift in Sources */ = {isa = PBXBuildFile; fileRef = 5C9B3B9A2AC27B4B0034BA0B /* EditStandupViewModelTests.swift */; };
/* End PBXBuildFile section */

/* Begin PBXContainerItemProxy section */
		5C04AA512AC112B70007DA81 /* PBXContainerItemProxy */ = {
			isa = PBXContainerItemProxy;
			containerPortal = 5C04AA382AC112B60007DA81 /* Project object */;
			proxyType = 1;
			remoteGlobalIDString = 5C04AA3F2AC112B60007DA81;
			remoteInfo = Standups;
		};
/* End PBXContainerItemProxy section */

/* Begin PBXFileReference section */
		5C04AA402AC112B60007DA81 /* Standups.app */ = {isa = PBXFileReference; explicitFileType = wrapper.application; includeInIndex = 0; path = Standups.app; sourceTree = BUILT_PRODUCTS_DIR; };
		5C04AA432AC112B60007DA81 /* StandupsApp.swift */ = {isa = PBXFileReference; lastKnownFileType = sourcecode.swift; path = StandupsApp.swift; sourceTree = "<group>"; };
		5C04AA472AC112B70007DA81 /* Assets.xcassets */ = {isa = PBXFileReference; lastKnownFileType = folder.assetcatalog; path = Assets.xcassets; sourceTree = "<group>"; };
		5C04AA4A2AC112B70007DA81 /* Preview Assets.xcassets */ = {isa = PBXFileReference; lastKnownFileType = folder.assetcatalog; path = "Preview Assets.xcassets"; sourceTree = "<group>"; };
		5C04AA502AC112B70007DA81 /* StandupsTests.xctest */ = {isa = PBXFileReference; explicitFileType = wrapper.cfbundle; includeInIndex = 0; path = StandupsTests.xctest; sourceTree = BUILT_PRODUCTS_DIR; };
		5C04AA542AC112B70007DA81 /* StandupsTests.swift */ = {isa = PBXFileReference; lastKnownFileType = sourcecode.swift; path = StandupsTests.swift; sourceTree = "<group>"; };
		5C04AA6D2AC1138B0007DA81 /* StandupsListView.swift */ = {isa = PBXFileReference; lastKnownFileType = sourcecode.swift; path = StandupsListView.swift; sourceTree = "<group>"; };
		5C04AA712AC115180007DA81 /* Standup.swift */ = {isa = PBXFileReference; lastKnownFileType = sourcecode.swift; path = Standup.swift; sourceTree = "<group>"; };
		5C04AA762AC11BDE0007DA81 /* Attendee.swift */ = {isa = PBXFileReference; lastKnownFileType = sourcecode.swift; path = Attendee.swift; sourceTree = "<group>"; };
		5C04AA782AC11BEF0007DA81 /* Meeting.swift */ = {isa = PBXFileReference; lastKnownFileType = sourcecode.swift; path = Meeting.swift; sourceTree = "<group>"; };
		5C04AA7A2AC11C050007DA81 /* Theme.swift */ = {isa = PBXFileReference; lastKnownFileType = sourcecode.swift; path = Theme.swift; sourceTree = "<group>"; };
		5C04AA7E2AC1ACE00007DA81 /* StandupsListViewModel.swift */ = {isa = PBXFileReference; lastKnownFileType = sourcecode.swift; path = StandupsListViewModel.swift; sourceTree = "<group>"; };
		5C04AA832AC1B1F40007DA81 /* EditStandupView.swift */ = {isa = PBXFileReference; lastKnownFileType = sourcecode.swift; path = EditStandupView.swift; sourceTree = "<group>"; };
		5C2C39152AC2450900134E1C /* EditStandupViewModel.swift */ = {isa = PBXFileReference; lastKnownFileType = sourcecode.swift; path = EditStandupViewModel.swift; sourceTree = "<group>"; };
		5C832B712AC4F75C00486EFC /* StandupDetailsView.swift */ = {isa = PBXFileReference; lastKnownFileType = sourcecode.swift; path = StandupDetailsView.swift; sourceTree = "<group>"; };
		5C832B732AC4F7E900486EFC /* StandupDetailsViewModel.swift */ = {isa = PBXFileReference; lastKnownFileType = sourcecode.swift; path = StandupDetailsViewModel.swift; sourceTree = "<group>"; };
		5C832B752AC5108000486EFC /* MeetingView.swift */ = {isa = PBXFileReference; lastKnownFileType = sourcecode.swift; path = MeetingView.swift; sourceTree = "<group>"; };
		5C9B3B9A2AC27B4B0034BA0B /* EditStandupViewModelTests.swift */ = {isa = PBXFileReference; lastKnownFileType = sourcecode.swift; path = EditStandupViewModelTests.swift; sourceTree = "<group>"; };
/* End PBXFileReference section */

/* Begin PBXFrameworksBuildPhase section */
		5C04AA3D2AC112B60007DA81 /* Frameworks */ = {
			isa = PBXFrameworksBuildPhase;
			buildActionMask = 2147483647;
			files = (
				5C04AA822AC1B09C0007DA81 /* SwiftUINavigation in Frameworks */,
				5C04AA752AC1157A0007DA81 /* Tagged in Frameworks */,
			);
			runOnlyForDeploymentPostprocessing = 0;
		};
		5C04AA4D2AC112B70007DA81 /* Frameworks */ = {
			isa = PBXFrameworksBuildPhase;
			buildActionMask = 2147483647;
			files = (
			);
			runOnlyForDeploymentPostprocessing = 0;
		};
/* End PBXFrameworksBuildPhase section */

/* Begin PBXGroup section */
		5C04AA372AC112B60007DA81 = {
			isa = PBXGroup;
			children = (
				5C04AA422AC112B60007DA81 /* Standups */,
				5C04AA532AC112B70007DA81 /* StandupsTests */,
				5C04AA412AC112B60007DA81 /* Products */,
			);
			sourceTree = "<group>";
		};
		5C04AA412AC112B60007DA81 /* Products */ = {
			isa = PBXGroup;
			children = (
				5C04AA402AC112B60007DA81 /* Standups.app */,
				5C04AA502AC112B70007DA81 /* StandupsTests.xctest */,
			);
			name = Products;
			sourceTree = "<group>";
		};
		5C04AA422AC112B60007DA81 /* Standups */ = {
			isa = PBXGroup;
			children = (
				5C04AA7D2AC1ACD10007DA81 /* ViewModels */,
				5C04AA7C2AC1ACCD0007DA81 /* Views */,
				5C04AA702AC114FC0007DA81 /* Models */,
				5C04AA432AC112B60007DA81 /* StandupsApp.swift */,
				5C04AA472AC112B70007DA81 /* Assets.xcassets */,
				5C04AA492AC112B70007DA81 /* Preview Content */,
			);
			path = Standups;
			sourceTree = "<group>";
		};
		5C04AA492AC112B70007DA81 /* Preview Content */ = {
			isa = PBXGroup;
			children = (
				5C04AA4A2AC112B70007DA81 /* Preview Assets.xcassets */,
			);
			path = "Preview Content";
			sourceTree = "<group>";
		};
		5C04AA532AC112B70007DA81 /* StandupsTests */ = {
			isa = PBXGroup;
			children = (
				5C04AA542AC112B70007DA81 /* StandupsTests.swift */,
				5C9B3B9A2AC27B4B0034BA0B /* EditStandupViewModelTests.swift */,
			);
			path = StandupsTests;
			sourceTree = "<group>";
		};
		5C04AA702AC114FC0007DA81 /* Models */ = {
			isa = PBXGroup;
			children = (
				5C04AA712AC115180007DA81 /* Standup.swift */,
				5C04AA762AC11BDE0007DA81 /* Attendee.swift */,
				5C04AA782AC11BEF0007DA81 /* Meeting.swift */,
				5C04AA7A2AC11C050007DA81 /* Theme.swift */,
			);
			path = Models;
			sourceTree = "<group>";
		};
		5C04AA7C2AC1ACCD0007DA81 /* Views */ = {
			isa = PBXGroup;
			children = (
				5C04AA6D2AC1138B0007DA81 /* StandupsListView.swift */,
				5C04AA832AC1B1F40007DA81 /* EditStandupView.swift */,
				5C832B712AC4F75C00486EFC /* StandupDetailsView.swift */,
				5C832B752AC5108000486EFC /* MeetingView.swift */,
			);
			path = Views;
			sourceTree = "<group>";
		};
		5C04AA7D2AC1ACD10007DA81 /* ViewModels */ = {
			isa = PBXGroup;
			children = (
				5C04AA7E2AC1ACE00007DA81 /* StandupsListViewModel.swift */,
				5C2C39152AC2450900134E1C /* EditStandupViewModel.swift */,
				5C832B732AC4F7E900486EFC /* StandupDetailsViewModel.swift */,
			);
			path = ViewModels;
			sourceTree = "<group>";
		};
/* End PBXGroup section */

/* Begin PBXNativeTarget section */
		5C04AA3F2AC112B60007DA81 /* Standups */ = {
			isa = PBXNativeTarget;
			buildConfigurationList = 5C04AA642AC112B70007DA81 /* Build configuration list for PBXNativeTarget "Standups" */;
			buildPhases = (
				5C04AA3C2AC112B60007DA81 /* Sources */,
				5C04AA3D2AC112B60007DA81 /* Frameworks */,
				5C04AA3E2AC112B60007DA81 /* Resources */,
			);
			buildRules = (
			);
			dependencies = (
			);
			name = Standups;
			packageProductDependencies = (
				5C04AA742AC1157A0007DA81 /* Tagged */,
				5C04AA812AC1B09C0007DA81 /* SwiftUINavigation */,
			);
			productName = Standups;
			productReference = 5C04AA402AC112B60007DA81 /* Standups.app */;
			productType = "com.apple.product-type.application";
		};
		5C04AA4F2AC112B70007DA81 /* StandupsTests */ = {
			isa = PBXNativeTarget;
			buildConfigurationList = 5C04AA672AC112B70007DA81 /* Build configuration list for PBXNativeTarget "StandupsTests" */;
			buildPhases = (
				5C04AA4C2AC112B70007DA81 /* Sources */,
				5C04AA4D2AC112B70007DA81 /* Frameworks */,
				5C04AA4E2AC112B70007DA81 /* Resources */,
			);
			buildRules = (
			);
			dependencies = (
				5C04AA522AC112B70007DA81 /* PBXTargetDependency */,
			);
			name = StandupsTests;
			productName = StandupsTests;
			productReference = 5C04AA502AC112B70007DA81 /* StandupsTests.xctest */;
			productType = "com.apple.product-type.bundle.unit-test";
		};
/* End PBXNativeTarget section */

/* Begin PBXProject section */
		5C04AA382AC112B60007DA81 /* Project object */ = {
			isa = PBXProject;
			attributes = {
				BuildIndependentTargetsInParallel = 1;
				LastSwiftUpdateCheck = 1500;
				LastUpgradeCheck = 1500;
				TargetAttributes = {
					5C04AA3F2AC112B60007DA81 = {
						CreatedOnToolsVersion = 15.0;
					};
					5C04AA4F2AC112B70007DA81 = {
						CreatedOnToolsVersion = 15.0;
						TestTargetID = 5C04AA3F2AC112B60007DA81;
					};
				};
			};
			buildConfigurationList = 5C04AA3B2AC112B60007DA81 /* Build configuration list for PBXProject "Standups" */;
			compatibilityVersion = "Xcode 14.0";
			developmentRegion = en;
			hasScannedForEncodings = 0;
			knownRegions = (
				en,
				Base,
			);
			mainGroup = 5C04AA372AC112B60007DA81;
			packageReferences = (
				5C04AA732AC1157A0007DA81 /* XCRemoteSwiftPackageReference "swift-tagged" */,
				5C04AA802AC1B09C0007DA81 /* XCRemoteSwiftPackageReference "swiftui-navigation" */,
			);
			productRefGroup = 5C04AA412AC112B60007DA81 /* Products */;
			projectDirPath = "";
			projectRoot = "";
			targets = (
				5C04AA3F2AC112B60007DA81 /* Standups */,
				5C04AA4F2AC112B70007DA81 /* StandupsTests */,
			);
		};
/* End PBXProject section */

/* Begin PBXResourcesBuildPhase section */
		5C04AA3E2AC112B60007DA81 /* Resources */ = {
			isa = PBXResourcesBuildPhase;
			buildActionMask = 2147483647;
			files = (
				5C04AA4B2AC112B70007DA81 /* Preview Assets.xcassets in Resources */,
				5C04AA482AC112B70007DA81 /* Assets.xcassets in Resources */,
			);
			runOnlyForDeploymentPostprocessing = 0;
		};
		5C04AA4E2AC112B70007DA81 /* Resources */ = {
			isa = PBXResourcesBuildPhase;
			buildActionMask = 2147483647;
			files = (
			);
			runOnlyForDeploymentPostprocessing = 0;
		};
/* End PBXResourcesBuildPhase section */

/* Begin PBXSourcesBuildPhase section */
		5C04AA3C2AC112B60007DA81 /* Sources */ = {
			isa = PBXSourcesBuildPhase;
			buildActionMask = 2147483647;
			files = (
				5C04AA842AC1B1F40007DA81 /* EditStandupView.swift in Sources */,
				5C04AA792AC11BEF0007DA81 /* Meeting.swift in Sources */,
				5C04AA442AC112B60007DA81 /* StandupsApp.swift in Sources */,
				5C04AA7F2AC1ACE00007DA81 /* StandupsListViewModel.swift in Sources */,
				5C832B722AC4F75C00486EFC /* StandupDetailsView.swift in Sources */,
				5C04AA6E2AC1138B0007DA81 /* StandupsListView.swift in Sources */,
				5C832B742AC4F7E900486EFC /* StandupDetailsViewModel.swift in Sources */,
				5C04AA7B2AC11C050007DA81 /* Theme.swift in Sources */,
				5C832B762AC5108000486EFC /* MeetingView.swift in Sources */,
				5C04AA722AC115180007DA81 /* Standup.swift in Sources */,
				5C04AA772AC11BDE0007DA81 /* Attendee.swift in Sources */,
				5C2C39162AC2450900134E1C /* EditStandupViewModel.swift in Sources */,
			);
			runOnlyForDeploymentPostprocessing = 0;
		};
		5C04AA4C2AC112B70007DA81 /* Sources */ = {
			isa = PBXSourcesBuildPhase;
			buildActionMask = 2147483647;
			files = (
				5C9B3B9B2AC27B4B0034BA0B /* EditStandupViewModelTests.swift in Sources */,
				5C04AA552AC112B70007DA81 /* StandupsTests.swift in Sources */,
			);
			runOnlyForDeploymentPostprocessing = 0;
		};
/* End PBXSourcesBuildPhase section */

/* Begin PBXTargetDependency section */
		5C04AA522AC112B70007DA81 /* PBXTargetDependency */ = {
			isa = PBXTargetDependency;
			target = 5C04AA3F2AC112B60007DA81 /* Standups */;
			targetProxy = 5C04AA512AC112B70007DA81 /* PBXContainerItemProxy */;
		};
/* End PBXTargetDependency section */

/* Begin XCBuildConfiguration section */
		5C04AA622AC112B70007DA81 /* Debug */ = {
			isa = XCBuildConfiguration;
			buildSettings = {
				ALWAYS_SEARCH_USER_PATHS = NO;
				ASSETCATALOG_COMPILER_GENERATE_SWIFT_ASSET_SYMBOL_EXTENSIONS = YES;
				CLANG_ANALYZER_NONNULL = YES;
				CLANG_ANALYZER_NUMBER_OBJECT_CONVERSION = YES_AGGRESSIVE;
				CLANG_CXX_LANGUAGE_STANDARD = "gnu++20";
				CLANG_ENABLE_MODULES = YES;
				CLANG_ENABLE_OBJC_ARC = YES;
				CLANG_ENABLE_OBJC_WEAK = YES;
				CLANG_WARN_BLOCK_CAPTURE_AUTORELEASING = YES;
				CLANG_WARN_BOOL_CONVERSION = YES;
				CLANG_WARN_COMMA = YES;
				CLANG_WARN_CONSTANT_CONVERSION = YES;
				CLANG_WARN_DEPRECATED_OBJC_IMPLEMENTATIONS = YES;
				CLANG_WARN_DIRECT_OBJC_ISA_USAGE = YES_ERROR;
				CLANG_WARN_DOCUMENTATION_COMMENTS = YES;
				CLANG_WARN_EMPTY_BODY = YES;
				CLANG_WARN_ENUM_CONVERSION = YES;
				CLANG_WARN_INFINITE_RECURSION = YES;
				CLANG_WARN_INT_CONVERSION = YES;
				CLANG_WARN_NON_LITERAL_NULL_CONVERSION = YES;
				CLANG_WARN_OBJC_IMPLICIT_RETAIN_SELF = YES;
				CLANG_WARN_OBJC_LITERAL_CONVERSION = YES;
				CLANG_WARN_OBJC_ROOT_CLASS = YES_ERROR;
				CLANG_WARN_QUOTED_INCLUDE_IN_FRAMEWORK_HEADER = YES;
				CLANG_WARN_RANGE_LOOP_ANALYSIS = YES;
				CLANG_WARN_STRICT_PROTOTYPES = YES;
				CLANG_WARN_SUSPICIOUS_MOVE = YES;
				CLANG_WARN_UNGUARDED_AVAILABILITY = YES_AGGRESSIVE;
				CLANG_WARN_UNREACHABLE_CODE = YES;
				CLANG_WARN__DUPLICATE_METHOD_MATCH = YES;
				COPY_PHASE_STRIP = NO;
				DEBUG_INFORMATION_FORMAT = dwarf;
				ENABLE_STRICT_OBJC_MSGSEND = YES;
				ENABLE_TESTABILITY = YES;
				ENABLE_USER_SCRIPT_SANDBOXING = YES;
				GCC_C_LANGUAGE_STANDARD = gnu17;
				GCC_DYNAMIC_NO_PIC = NO;
				GCC_NO_COMMON_BLOCKS = YES;
				GCC_OPTIMIZATION_LEVEL = 0;
				GCC_PREPROCESSOR_DEFINITIONS = (
					"DEBUG=1",
					"$(inherited)",
				);
				GCC_WARN_64_TO_32_BIT_CONVERSION = YES;
				GCC_WARN_ABOUT_RETURN_TYPE = YES_ERROR;
				GCC_WARN_UNDECLARED_SELECTOR = YES;
				GCC_WARN_UNINITIALIZED_AUTOS = YES_AGGRESSIVE;
				GCC_WARN_UNUSED_FUNCTION = YES;
				GCC_WARN_UNUSED_VARIABLE = YES;
				IPHONEOS_DEPLOYMENT_TARGET = 17.0;
				LOCALIZATION_PREFERS_STRING_CATALOGS = YES;
				MTL_ENABLE_DEBUG_INFO = INCLUDE_SOURCE;
				MTL_FAST_MATH = YES;
				ONLY_ACTIVE_ARCH = YES;
				SDKROOT = iphoneos;
				SWIFT_ACTIVE_COMPILATION_CONDITIONS = "DEBUG $(inherited)";
				SWIFT_OPTIMIZATION_LEVEL = "-Onone";
			};
			name = Debug;
		};
		5C04AA632AC112B70007DA81 /* Release */ = {
			isa = XCBuildConfiguration;
			buildSettings = {
				ALWAYS_SEARCH_USER_PATHS = NO;
				ASSETCATALOG_COMPILER_GENERATE_SWIFT_ASSET_SYMBOL_EXTENSIONS = YES;
				CLANG_ANALYZER_NONNULL = YES;
				CLANG_ANALYZER_NUMBER_OBJECT_CONVERSION = YES_AGGRESSIVE;
				CLANG_CXX_LANGUAGE_STANDARD = "gnu++20";
				CLANG_ENABLE_MODULES = YES;
				CLANG_ENABLE_OBJC_ARC = YES;
				CLANG_ENABLE_OBJC_WEAK = YES;
				CLANG_WARN_BLOCK_CAPTURE_AUTORELEASING = YES;
				CLANG_WARN_BOOL_CONVERSION = YES;
				CLANG_WARN_COMMA = YES;
				CLANG_WARN_CONSTANT_CONVERSION = YES;
				CLANG_WARN_DEPRECATED_OBJC_IMPLEMENTATIONS = YES;
				CLANG_WARN_DIRECT_OBJC_ISA_USAGE = YES_ERROR;
				CLANG_WARN_DOCUMENTATION_COMMENTS = YES;
				CLANG_WARN_EMPTY_BODY = YES;
				CLANG_WARN_ENUM_CONVERSION = YES;
				CLANG_WARN_INFINITE_RECURSION = YES;
				CLANG_WARN_INT_CONVERSION = YES;
				CLANG_WARN_NON_LITERAL_NULL_CONVERSION = YES;
				CLANG_WARN_OBJC_IMPLICIT_RETAIN_SELF = YES;
				CLANG_WARN_OBJC_LITERAL_CONVERSION = YES;
				CLANG_WARN_OBJC_ROOT_CLASS = YES_ERROR;
				CLANG_WARN_QUOTED_INCLUDE_IN_FRAMEWORK_HEADER = YES;
				CLANG_WARN_RANGE_LOOP_ANALYSIS = YES;
				CLANG_WARN_STRICT_PROTOTYPES = YES;
				CLANG_WARN_SUSPICIOUS_MOVE = YES;
				CLANG_WARN_UNGUARDED_AVAILABILITY = YES_AGGRESSIVE;
				CLANG_WARN_UNREACHABLE_CODE = YES;
				CLANG_WARN__DUPLICATE_METHOD_MATCH = YES;
				COPY_PHASE_STRIP = NO;
				DEBUG_INFORMATION_FORMAT = "dwarf-with-dsym";
				ENABLE_NS_ASSERTIONS = NO;
				ENABLE_STRICT_OBJC_MSGSEND = YES;
				ENABLE_USER_SCRIPT_SANDBOXING = YES;
				GCC_C_LANGUAGE_STANDARD = gnu17;
				GCC_NO_COMMON_BLOCKS = YES;
				GCC_WARN_64_TO_32_BIT_CONVERSION = YES;
				GCC_WARN_ABOUT_RETURN_TYPE = YES_ERROR;
				GCC_WARN_UNDECLARED_SELECTOR = YES;
				GCC_WARN_UNINITIALIZED_AUTOS = YES_AGGRESSIVE;
				GCC_WARN_UNUSED_FUNCTION = YES;
				GCC_WARN_UNUSED_VARIABLE = YES;
				IPHONEOS_DEPLOYMENT_TARGET = 17.0;
				LOCALIZATION_PREFERS_STRING_CATALOGS = YES;
				MTL_ENABLE_DEBUG_INFO = NO;
				MTL_FAST_MATH = YES;
				SDKROOT = iphoneos;
				SWIFT_COMPILATION_MODE = wholemodule;
				VALIDATE_PRODUCT = YES;
			};
			name = Release;
		};
		5C04AA652AC112B70007DA81 /* Debug */ = {
			isa = XCBuildConfiguration;
			buildSettings = {
				ASSETCATALOG_COMPILER_APPICON_NAME = AppIcon;
				ASSETCATALOG_COMPILER_GLOBAL_ACCENT_COLOR_NAME = AccentColor;
				CODE_SIGN_STYLE = Automatic;
				CURRENT_PROJECT_VERSION = 1;
				DEVELOPMENT_ASSET_PATHS = "\"Standups/Preview Content\"";
				DEVELOPMENT_TEAM = 7927LZ58S8;
				ENABLE_PREVIEWS = YES;
				GENERATE_INFOPLIST_FILE = YES;
				INFOPLIST_KEY_UIApplicationSceneManifest_Generation = YES;
				INFOPLIST_KEY_UIApplicationSupportsIndirectInputEvents = YES;
				INFOPLIST_KEY_UILaunchScreen_Generation = YES;
				INFOPLIST_KEY_UISupportedInterfaceOrientations_iPad = "UIInterfaceOrientationPortrait UIInterfaceOrientationPortraitUpsideDown UIInterfaceOrientationLandscapeLeft UIInterfaceOrientationLandscapeRight";
				INFOPLIST_KEY_UISupportedInterfaceOrientations_iPhone = "UIInterfaceOrientationPortrait UIInterfaceOrientationLandscapeLeft UIInterfaceOrientationLandscapeRight";
				LD_RUNPATH_SEARCH_PATHS = (
					"$(inherited)",
					"@executable_path/Frameworks",
				);
				MARKETING_VERSION = 1.0;
				PRODUCT_BUNDLE_IDENTIFIER = com.nolinmcfarland.Standups;
				PRODUCT_NAME = "$(TARGET_NAME)";
				SWIFT_EMIT_LOC_STRINGS = YES;
				SWIFT_STRICT_CONCURRENCY = complete;
				SWIFT_VERSION = 5.0;
				TARGETED_DEVICE_FAMILY = "1,2";
			};
			name = Debug;
		};
		5C04AA662AC112B70007DA81 /* Release */ = {
			isa = XCBuildConfiguration;
			buildSettings = {
				ASSETCATALOG_COMPILER_APPICON_NAME = AppIcon;
				ASSETCATALOG_COMPILER_GLOBAL_ACCENT_COLOR_NAME = AccentColor;
				CODE_SIGN_STYLE = Automatic;
				CURRENT_PROJECT_VERSION = 1;
				DEVELOPMENT_ASSET_PATHS = "\"Standups/Preview Content\"";
				DEVELOPMENT_TEAM = 7927LZ58S8;
				ENABLE_PREVIEWS = YES;
				GENERATE_INFOPLIST_FILE = YES;
				INFOPLIST_KEY_UIApplicationSceneManifest_Generation = YES;
				INFOPLIST_KEY_UIApplicationSupportsIndirectInputEvents = YES;
				INFOPLIST_KEY_UILaunchScreen_Generation = YES;
				INFOPLIST_KEY_UISupportedInterfaceOrientations_iPad = "UIInterfaceOrientationPortrait UIInterfaceOrientationPortraitUpsideDown UIInterfaceOrientationLandscapeLeft UIInterfaceOrientationLandscapeRight";
				INFOPLIST_KEY_UISupportedInterfaceOrientations_iPhone = "UIInterfaceOrientationPortrait UIInterfaceOrientationLandscapeLeft UIInterfaceOrientationLandscapeRight";
				LD_RUNPATH_SEARCH_PATHS = (
					"$(inherited)",
					"@executable_path/Frameworks",
				);
				MARKETING_VERSION = 1.0;
				PRODUCT_BUNDLE_IDENTIFIER = com.nolinmcfarland.Standups;
				PRODUCT_NAME = "$(TARGET_NAME)";
				SWIFT_EMIT_LOC_STRINGS = YES;
				SWIFT_STRICT_CONCURRENCY = complete;
				SWIFT_VERSION = 5.0;
				TARGETED_DEVICE_FAMILY = "1,2";
			};
			name = Release;
		};
		5C04AA682AC112B70007DA81 /* Debug */ = {
			isa = XCBuildConfiguration;
			buildSettings = {
				ALWAYS_EMBED_SWIFT_STANDARD_LIBRARIES = YES;
				BUNDLE_LOADER = "$(TEST_HOST)";
				CODE_SIGN_STYLE = Automatic;
				CURRENT_PROJECT_VERSION = 1;
				DEVELOPMENT_TEAM = 7927LZ58S8;
				GENERATE_INFOPLIST_FILE = YES;
				IPHONEOS_DEPLOYMENT_TARGET = 17.0;
				MARKETING_VERSION = 1.0;
				PRODUCT_BUNDLE_IDENTIFIER = com.nolinmcfarland.StandupsTests;
				PRODUCT_NAME = "$(TARGET_NAME)";
				SWIFT_EMIT_LOC_STRINGS = NO;
				SWIFT_VERSION = 5.0;
				TARGETED_DEVICE_FAMILY = "1,2";
				TEST_HOST = "$(BUILT_PRODUCTS_DIR)/Standups.app/$(BUNDLE_EXECUTABLE_FOLDER_PATH)/Standups";
			};
			name = Debug;
		};
		5C04AA692AC112B70007DA81 /* Release */ = {
			isa = XCBuildConfiguration;
			buildSettings = {
				ALWAYS_EMBED_SWIFT_STANDARD_LIBRARIES = YES;
				BUNDLE_LOADER = "$(TEST_HOST)";
				CODE_SIGN_STYLE = Automatic;
				CURRENT_PROJECT_VERSION = 1;
				DEVELOPMENT_TEAM = 7927LZ58S8;
				GENERATE_INFOPLIST_FILE = YES;
				IPHONEOS_DEPLOYMENT_TARGET = 17.0;
				MARKETING_VERSION = 1.0;
				PRODUCT_BUNDLE_IDENTIFIER = com.nolinmcfarland.StandupsTests;
				PRODUCT_NAME = "$(TARGET_NAME)";
				SWIFT_EMIT_LOC_STRINGS = NO;
				SWIFT_VERSION = 5.0;
				TARGETED_DEVICE_FAMILY = "1,2";
				TEST_HOST = "$(BUILT_PRODUCTS_DIR)/Standups.app/$(BUNDLE_EXECUTABLE_FOLDER_PATH)/Standups";
			};
			name = Release;
		};
/* End XCBuildConfiguration section */

/* Begin XCConfigurationList section */
		5C04AA3B2AC112B60007DA81 /* Build configuration list for PBXProject "Standups" */ = {
			isa = XCConfigurationList;
			buildConfigurations = (
				5C04AA622AC112B70007DA81 /* Debug */,
				5C04AA632AC112B70007DA81 /* Release */,
			);
			defaultConfigurationIsVisible = 0;
			defaultConfigurationName = Release;
		};
		5C04AA642AC112B70007DA81 /* Build configuration list for PBXNativeTarget "Standups" */ = {
			isa = XCConfigurationList;
			buildConfigurations = (
				5C04AA652AC112B70007DA81 /* Debug */,
				5C04AA662AC112B70007DA81 /* Release */,
			);
			defaultConfigurationIsVisible = 0;
			defaultConfigurationName = Release;
		};
		5C04AA672AC112B70007DA81 /* Build configuration list for PBXNativeTarget "StandupsTests" */ = {
			isa = XCConfigurationList;
			buildConfigurations = (
				5C04AA682AC112B70007DA81 /* Debug */,
				5C04AA692AC112B70007DA81 /* Release */,
			);
			defaultConfigurationIsVisible = 0;
			defaultConfigurationName = Release;
		};
/* End XCConfigurationList section */

/* Begin XCRemoteSwiftPackageReference section */
		5C04AA732AC1157A0007DA81 /* XCRemoteSwiftPackageReference "swift-tagged" */ = {
			isa = XCRemoteSwiftPackageReference;
			repositoryURL = "https://github.com/pointfreeco/swift-tagged";
			requirement = {
				kind = upToNextMajorVersion;
				minimumVersion = 0.10.0;
			};
		};
		5C04AA802AC1B09C0007DA81 /* XCRemoteSwiftPackageReference "swiftui-navigation" */ = {
			isa = XCRemoteSwiftPackageReference;
			repositoryURL = "https://github.com/pointfreeco/swiftui-navigation";
			requirement = {
				kind = upToNextMajorVersion;
				minimumVersion = 1.0.2;
			};
		};
/* End XCRemoteSwiftPackageReference section */

/* Begin XCSwiftPackageProductDependency section */
		5C04AA742AC1157A0007DA81 /* Tagged */ = {
			isa = XCSwiftPackageProductDependency;
			package = 5C04AA732AC1157A0007DA81 /* XCRemoteSwiftPackageReference "swift-tagged" */;
			productName = Tagged;
		};
		5C04AA812AC1B09C0007DA81 /* SwiftUINavigation */ = {
			isa = XCSwiftPackageProductDependency;
			package = 5C04AA802AC1B09C0007DA81 /* XCRemoteSwiftPackageReference "swiftui-navigation" */;
			productName = SwiftUINavigation;
		};
/* End XCSwiftPackageProductDependency section */
	};
	rootObject = 5C04AA382AC112B60007DA81 /* Project object */;
}
